
Microsoft Visual Studio Solution File, Format Version 12.00
# Visual Studio Version 16
VisualStudioVersion = 16.0.29709.97
MinimumVisualStudioVersion = 10.0.40219.1
Project("{FAE04EC0-301F-11D3-BF4B-00C04F79EFBC}") = "PR2", "PR2\PR2.csproj", "{B12718B9-6A05-4B23-8281-6295908BC0D6}"
EndProject
Global
	GlobalSection(SolutionConfigurationPlatforms) = preSolution
		Debug|Any CPU = Debug|Any CPU
		Release|Any CPU = Release|Any CPU
	EndGlobalSection
	GlobalSection(ProjectConfigurationPlatforms) = postSolution
		{B12718B9-6A05-4B23-8281-6295908BC0D6}.Debug|Any CPU.ActiveCfg = Debug|Any CPU
		{B12718B9-6A05-4B23-8281-6295908BC0D6}.Debug|Any CPU.Build.0 = Debug|Any CPU
		{B12718B9-6A05-4B23-8281-6295908BC0D6}.Release|Any CPU.ActiveCfg = Release|Any CPU
		{B12718B9-6A05-4B23-8281-6295908BC0D6}.Release|Any CPU.Build.0 = Release|Any CPU
	EndGlobalSection
	GlobalSection(SolutionProperties) = preSolution
		HideSolutionNode = FALSE
	EndGlobalSection
	GlobalSection(ExtensibilityGlobals) = postSolution
		SolutionGuid = {2BA67E90-5C96-4A80-81B8-8EF37D9DF1EC}
	EndGlobalSection
EndGlobal
